// !$*UTF8*$!
{
	archiveVersion = 1;
	classes = {
	};
	objectVersion = 50;
	objects = {

/* Begin PBXBuildFile section */
		7F7072FA2499BA6100DE2BDD /* CalendarVC.swift in Sources */ = {isa = PBXBuildFile; fileRef = 7F7072F92499BA6100DE2BDD /* CalendarVC.swift */; };
		7F958CC724998D6A001B3427 /* Persistence.swift in Sources */ = {isa = PBXBuildFile; fileRef = 7F958CC624998D6A001B3427 /* Persistence.swift */; };
		7FF1B5BB24895E9A00A3CC95 /* AppDelegate.swift in Sources */ = {isa = PBXBuildFile; fileRef = 7FF1B5BA24895E9A00A3CC95 /* AppDelegate.swift */; };
		7FF1B5BD24895E9A00A3CC95 /* SceneDelegate.swift in Sources */ = {isa = PBXBuildFile; fileRef = 7FF1B5BC24895E9A00A3CC95 /* SceneDelegate.swift */; };
		7FF1B5BF24895E9A00A3CC95 /* TimerVC.swift in Sources */ = {isa = PBXBuildFile; fileRef = 7FF1B5BE24895E9A00A3CC95 /* TimerVC.swift */; };
		7FF1B5C424895E9C00A3CC95 /* Assets.xcassets in Resources */ = {isa = PBXBuildFile; fileRef = 7FF1B5C324895E9C00A3CC95 /* Assets.xcassets */; };
		7FF1B5C724895E9C00A3CC95 /* LaunchScreen.storyboard in Resources */ = {isa = PBXBuildFile; fileRef = 7FF1B5C524895E9C00A3CC95 /* LaunchScreen.storyboard */; };
		7FFB45CD2497A44F00C078EF /* TabBarController.swift in Sources */ = {isa = PBXBuildFile; fileRef = 7FFB45CC2497A44F00C078EF /* TabBarController.swift */; };
		7FFB45D12497A57200C078EF /* BadgesVC.swift in Sources */ = {isa = PBXBuildFile; fileRef = 7FFB45D02497A57200C078EF /* BadgesVC.swift */; };
		7FFB45D32497A5AD00C078EF /* BadgeCell.swift in Sources */ = {isa = PBXBuildFile; fileRef = 7FFB45D22497A5AD00C078EF /* BadgeCell.swift */; };
/* End PBXBuildFile section */

/* Begin PBXFileReference section */
		7F7072F92499BA6100DE2BDD /* CalendarVC.swift */ = {isa = PBXFileReference; lastKnownFileType = sourcecode.swift; path = CalendarVC.swift; sourceTree = "<group>"; };
		7F71E81F24A4E4FC00A60ADF /* README.md */ = {isa = PBXFileReference; lastKnownFileType = net.daringfireball.markdown; path = README.md; sourceTree = "<group>"; };
		7F958CC624998D6A001B3427 /* Persistence.swift */ = {isa = PBXFileReference; lastKnownFileType = sourcecode.swift; path = Persistence.swift; sourceTree = "<group>"; };
		7FF1B5B724895E9A00A3CC95 /* Mindful.app */ = {isa = PBXFileReference; explicitFileType = wrapper.application; includeInIndex = 0; path = Mindful.app; sourceTree = BUILT_PRODUCTS_DIR; };
		7FF1B5BA24895E9A00A3CC95 /* AppDelegate.swift */ = {isa = PBXFileReference; lastKnownFileType = sourcecode.swift; path = AppDelegate.swift; sourceTree = "<group>"; };
		7FF1B5BC24895E9A00A3CC95 /* SceneDelegate.swift */ = {isa = PBXFileReference; lastKnownFileType = sourcecode.swift; path = SceneDelegate.swift; sourceTree = "<group>"; };
		7FF1B5BE24895E9A00A3CC95 /* TimerVC.swift */ = {isa = PBXFileReference; lastKnownFileType = sourcecode.swift; path = TimerVC.swift; sourceTree = "<group>"; };
		7FF1B5C324895E9C00A3CC95 /* Assets.xcassets */ = {isa = PBXFileReference; lastKnownFileType = folder.assetcatalog; path = Assets.xcassets; sourceTree = "<group>"; };
		7FF1B5C624895E9C00A3CC95 /* Base */ = {isa = PBXFileReference; lastKnownFileType = file.storyboard; name = Base; path = Base.lproj/LaunchScreen.storyboard; sourceTree = "<group>"; };
		7FF1B5C824895E9C00A3CC95 /* Info.plist */ = {isa = PBXFileReference; lastKnownFileType = text.plist.xml; path = Info.plist; sourceTree = "<group>"; };
		7FFB45CC2497A44F00C078EF /* TabBarController.swift */ = {isa = PBXFileReference; lastKnownFileType = sourcecode.swift; path = TabBarController.swift; sourceTree = "<group>"; };
		7FFB45D02497A57200C078EF /* BadgesVC.swift */ = {isa = PBXFileReference; lastKnownFileType = sourcecode.swift; path = BadgesVC.swift; sourceTree = "<group>"; };
		7FFB45D22497A5AD00C078EF /* BadgeCell.swift */ = {isa = PBXFileReference; lastKnownFileType = sourcecode.swift; path = BadgeCell.swift; sourceTree = "<group>"; };
/* End PBXFileReference section */

/* Begin PBXFrameworksBuildPhase section */
		7FF1B5B424895E9A00A3CC95 /* Frameworks */ = {
			isa = PBXFrameworksBuildPhase;
			buildActionMask = 2147483647;
			files = (
			);
			runOnlyForDeploymentPostprocessing = 0;
		};
/* End PBXFrameworksBuildPhase section */

/* Begin PBXGroup section */
		7F71E81B24A4E4C400A60ADF /* Resources */ = {
			isa = PBXGroup;
			children = (
			);
			path = Resources;
			sourceTree = "<group>";
		};
		7F71E81C24A4E4CC00A60ADF /* Models */ = {
			isa = PBXGroup;
			children = (
				7FD2D72C24A4EA4100D8CDA9 /* Cells */,
			);
			path = Models;
			sourceTree = "<group>";
		};
		7F71E81D24A4E4D300A60ADF /* Views */ = {
			isa = PBXGroup;
			children = (
			);
			path = Views;
			sourceTree = "<group>";
		};
		7F71E81E24A4E4DB00A60ADF /* Controllers */ = {
			isa = PBXGroup;
			children = (
			);
			path = Controllers;
			sourceTree = "<group>";
		};
		7FD2D72C24A4EA4100D8CDA9 /* Cells */ = {
			isa = PBXGroup;
			children = (
			);
			path = Cells;
			sourceTree = "<group>";
		};
		7FF1B5AE24895E9A00A3CC95 = {
			isa = PBXGroup;
			children = (
				7FF1B5B924895E9A00A3CC95 /* Mindful */,
				7FF1B5B824895E9A00A3CC95 /* Products */,
			);
			sourceTree = "<group>";
		};
		7FF1B5B824895E9A00A3CC95 /* Products */ = {
			isa = PBXGroup;
			children = (
				7FF1B5B724895E9A00A3CC95 /* Mindful.app */,
			);
			name = Products;
			sourceTree = "<group>";
		};
		7FF1B5B924895E9A00A3CC95 /* Mindful */ = {
			isa = PBXGroup;
			children = (
				7F71E81E24A4E4DB00A60ADF /* Controllers */,
				7F71E81D24A4E4D300A60ADF /* Views */,
				7F71E81C24A4E4CC00A60ADF /* Models */,
				7F71E81B24A4E4C400A60ADF /* Resources */,
				7FF1B5C324895E9C00A3CC95 /* Assets.xcassets */,
				7FF1B5C524895E9C00A3CC95 /* LaunchScreen.storyboard */,
				7FF1B5C824895E9C00A3CC95 /* Info.plist */,
				7FF1B5BA24895E9A00A3CC95 /* AppDelegate.swift */,
				7FF1B5BC24895E9A00A3CC95 /* SceneDelegate.swift */,
				7FFB45CC2497A44F00C078EF /* TabBarController.swift */,
				7FF1B5BE24895E9A00A3CC95 /* TimerVC.swift */,
				7FFB45D02497A57200C078EF /* BadgesVC.swift */,
				7F7072F92499BA6100DE2BDD /* CalendarVC.swift */,
				7FFB45D22497A5AD00C078EF /* BadgeCell.swift */,
				7F958CC624998D6A001B3427 /* Persistence.swift */,
				7F71E81F24A4E4FC00A60ADF /* README.md */,
			);
			path = Mindful;
			sourceTree = "<group>";
		};
/* End PBXGroup section */

/* Begin PBXNativeTarget section */
		7FF1B5B624895E9A00A3CC95 /* Mindful */ = {
			isa = PBXNativeTarget;
			buildConfigurationList = 7FF1B5CB24895E9C00A3CC95 /* Build configuration list for PBXNativeTarget "Mindful" */;
			buildPhases = (
				7FF1B5B324895E9A00A3CC95 /* Sources */,
				7FF1B5B424895E9A00A3CC95 /* Frameworks */,
				7FF1B5B524895E9A00A3CC95 /* Resources */,
			);
			buildRules = (
			);
			dependencies = (
			);
			name = Mindful;
			productName = Mindful;
			productReference = 7FF1B5B724895E9A00A3CC95 /* Mindful.app */;
			productType = "com.apple.product-type.application";
		};
/* End PBXNativeTarget section */

/* Begin PBXProject section */
		7FF1B5AF24895E9A00A3CC95 /* Project object */ = {
			isa = PBXProject;
			attributes = {
				LastSwiftUpdateCheck = 1150;
				LastUpgradeCheck = 1150;
				ORGANIZATIONNAME = "William Shelley";
				TargetAttributes = {
					7FF1B5B624895E9A00A3CC95 = {
						CreatedOnToolsVersion = 11.5;
					};
				};
			};
			buildConfigurationList = 7FF1B5B224895E9A00A3CC95 /* Build configuration list for PBXProject "Mindful" */;
			compatibilityVersion = "Xcode 9.3";
			developmentRegion = en;
			hasScannedForEncodings = 0;
			knownRegions = (
				en,
				Base,
			);
			mainGroup = 7FF1B5AE24895E9A00A3CC95;
			productRefGroup = 7FF1B5B824895E9A00A3CC95 /* Products */;
			projectDirPath = "";
			projectRoot = "";
			targets = (
				7FF1B5B624895E9A00A3CC95 /* Mindful */,
			);
		};
/* End PBXProject section */

/* Begin PBXResourcesBuildPhase section */
		7FF1B5B524895E9A00A3CC95 /* Resources */ = {
			isa = PBXResourcesBuildPhase;
			buildActionMask = 2147483647;
			files = (
				7FF1B5C724895E9C00A3CC95 /* LaunchScreen.storyboard in Resources */,
				7FF1B5C424895E9C00A3CC95 /* Assets.xcassets in Resources */,
			);
			runOnlyForDeploymentPostprocessing = 0;
		};
/* End PBXResourcesBuildPhase section */

/* Begin PBXSourcesBuildPhase section */
		7FF1B5B324895E9A00A3CC95 /* Sources */ = {
			isa = PBXSourcesBuildPhase;
			buildActionMask = 2147483647;
			files = (
				7FF1B5BF24895E9A00A3CC95 /* TimerVC.swift in Sources */,
				7FFB45CD2497A44F00C078EF /* TabBarController.swift in Sources */,
				7FFB45D12497A57200C078EF /* BadgesVC.swift in Sources */,
				7F958CC724998D6A001B3427 /* Persistence.swift in Sources */,
				7FF1B5BB24895E9A00A3CC95 /* AppDelegate.swift in Sources */,
				7FF1B5BD24895E9A00A3CC95 /* SceneDelegate.swift in Sources */,
				7F7072FA2499BA6100DE2BDD /* CalendarVC.swift in Sources */,
				7FFB45D32497A5AD00C078EF /* BadgeCell.swift in Sources */,
			);
			runOnlyForDeploymentPostprocessing = 0;
		};
/* End PBXSourcesBuildPhase section */

/* Begin PBXVariantGroup section */
		7FF1B5C524895E9C00A3CC95 /* LaunchScreen.storyboard */ = {
			isa = PBXVariantGroup;
			children = (
				7FF1B5C624895E9C00A3CC95 /* Base */,
			);
			name = LaunchScreen.storyboard;
			sourceTree = "<group>";
		};
/* End PBXVariantGroup section */

/* Begin XCBuildConfiguration section */
		7FF1B5C924895E9C00A3CC95 /* Debug */ = {
			isa = XCBuildConfiguration;
			buildSettings = {
				ALWAYS_SEARCH_USER_PATHS = NO;
				CLANG_ANALYZER_NONNULL = YES;
				CLANG_ANALYZER_NUMBER_OBJECT_CONVERSION = YES_AGGRESSIVE;
				CLANG_CXX_LANGUAGE_STANDARD = "gnu++14";
				CLANG_CXX_LIBRARY = "libc++";
				CLANG_ENABLE_MODULES = YES;
				CLANG_ENABLE_OBJC_ARC = YES;
				CLANG_ENABLE_OBJC_WEAK = YES;
				CLANG_WARN_BLOCK_CAPTURE_AUTORELEASING = YES;
				CLANG_WARN_BOOL_CONVERSION = YES;
				CLANG_WARN_COMMA = YES;
				CLANG_WARN_CONSTANT_CONVERSION = YES;
				CLANG_WARN_DEPRECATED_OBJC_IMPLEMENTATIONS = YES;
				CLANG_WARN_DIRECT_OBJC_ISA_USAGE = YES_ERROR;
				CLANG_WARN_DOCUMENTATION_COMMENTS = YES;
				CLANG_WARN_EMPTY_BODY = YES;
				CLANG_WARN_ENUM_CONVERSION = YES;
				CLANG_WARN_INFINITE_RECURSION = YES;
				CLANG_WARN_INT_CONVERSION = YES;
				CLANG_WARN_NON_LITERAL_NULL_CONVERSION = YES;
				CLANG_WARN_OBJC_IMPLICIT_RETAIN_SELF = YES;
				CLANG_WARN_OBJC_LITERAL_CONVERSION = YES;
				CLANG_WARN_OBJC_ROOT_CLASS = YES_ERROR;
				CLANG_WARN_RANGE_LOOP_ANALYSIS = YES;
				CLANG_WARN_STRICT_PROTOTYPES = YES;
				CLANG_WARN_SUSPICIOUS_MOVE = YES;
				CLANG_WARN_UNGUARDED_AVAILABILITY = YES_AGGRESSIVE;
				CLANG_WARN_UNREACHABLE_CODE = YES;
				CLANG_WARN__DUPLICATE_METHOD_MATCH = YES;
				COPY_PHASE_STRIP = NO;
				DEBUG_INFORMATION_FORMAT = dwarf;
				ENABLE_STRICT_OBJC_MSGSEND = YES;
				ENABLE_TESTABILITY = YES;
				GCC_C_LANGUAGE_STANDARD = gnu11;
				GCC_DYNAMIC_NO_PIC = NO;
				GCC_NO_COMMON_BLOCKS = YES;
				GCC_OPTIMIZATION_LEVEL = 0;
				GCC_PREPROCESSOR_DEFINITIONS = (
					"DEBUG=1",
					"$(inherited)",
				);
				GCC_WARN_64_TO_32_BIT_CONVERSION = YES;
				GCC_WARN_ABOUT_RETURN_TYPE = YES_ERROR;
				GCC_WARN_UNDECLARED_SELECTOR = YES;
				GCC_WARN_UNINITIALIZED_AUTOS = YES_AGGRESSIVE;
				GCC_WARN_UNUSED_FUNCTION = YES;
				GCC_WARN_UNUSED_VARIABLE = YES;
				IPHONEOS_DEPLOYMENT_TARGET = 13.5;
				MTL_ENABLE_DEBUG_INFO = INCLUDE_SOURCE;
				MTL_FAST_MATH = YES;
				ONLY_ACTIVE_ARCH = YES;
				SDKROOT = iphoneos;
				SWIFT_ACTIVE_COMPILATION_CONDITIONS = DEBUG;
				SWIFT_OPTIMIZATION_LEVEL = "-Onone";
			};
			name = Debug;
		};
		7FF1B5CA24895E9C00A3CC95 /* Release */ = {
			isa = XCBuildConfiguration;
			buildSettings = {
				ALWAYS_SEARCH_USER_PATHS = NO;
				CLANG_ANALYZER_NONNULL = YES;
				CLANG_ANALYZER_NUMBER_OBJECT_CONVERSION = YES_AGGRESSIVE;
				CLANG_CXX_LANGUAGE_STANDARD = "gnu++14";
				CLANG_CXX_LIBRARY = "libc++";
				CLANG_ENABLE_MODULES = YES;
				CLANG_ENABLE_OBJC_ARC = YES;
				CLANG_ENABLE_OBJC_WEAK = YES;
				CLANG_WARN_BLOCK_CAPTURE_AUTORELEASING = YES;
				CLANG_WARN_BOOL_CONVERSION = YES;
				CLANG_WARN_COMMA = YES;
				CLANG_WARN_CONSTANT_CONVERSION = YES;
				CLANG_WARN_DEPRECATED_OBJC_IMPLEMENTATIONS = YES;
				CLANG_WARN_DIRECT_OBJC_ISA_USAGE = YES_ERROR;
				CLANG_WARN_DOCUMENTATION_COMMENTS = YES;
				CLANG_WARN_EMPTY_BODY = YES;
				CLANG_WARN_ENUM_CONVERSION = YES;
				CLANG_WARN_INFINITE_RECURSION = YES;
				CLANG_WARN_INT_CONVERSION = YES;
				CLANG_WARN_NON_LITERAL_NULL_CONVERSION = YES;
				CLANG_WARN_OBJC_IMPLICIT_RETAIN_SELF = YES;
				CLANG_WARN_OBJC_LITERAL_CONVERSION = YES;
				CLANG_WARN_OBJC_ROOT_CLASS = YES_ERROR;
				CLANG_WARN_RANGE_LOOP_ANALYSIS = YES;
				CLANG_WARN_STRICT_PROTOTYPES = YES;
				CLANG_WARN_SUSPICIOUS_MOVE = YES;
				CLANG_WARN_UNGUARDED_AVAILABILITY = YES_AGGRESSIVE;
				CLANG_WARN_UNREACHABLE_CODE = YES;
				CLANG_WARN__DUPLICATE_METHOD_MATCH = YES;
				COPY_PHASE_STRIP = NO;
				DEBUG_INFORMATION_FORMAT = "dwarf-with-dsym";
				ENABLE_NS_ASSERTIONS = NO;
				ENABLE_STRICT_OBJC_MSGSEND = YES;
				GCC_C_LANGUAGE_STANDARD = gnu11;
				GCC_NO_COMMON_BLOCKS = YES;
				GCC_WARN_64_TO_32_BIT_CONVERSION = YES;
				GCC_WARN_ABOUT_RETURN_TYPE = YES_ERROR;
				GCC_WARN_UNDECLARED_SELECTOR = YES;
				GCC_WARN_UNINITIALIZED_AUTOS = YES_AGGRESSIVE;
				GCC_WARN_UNUSED_FUNCTION = YES;
				GCC_WARN_UNUSED_VARIABLE = YES;
				IPHONEOS_DEPLOYMENT_TARGET = 13.5;
				MTL_ENABLE_DEBUG_INFO = NO;
				MTL_FAST_MATH = YES;
				SDKROOT = iphoneos;
				SWIFT_COMPILATION_MODE = wholemodule;
				SWIFT_OPTIMIZATION_LEVEL = "-O";
				VALIDATE_PRODUCT = YES;
			};
			name = Release;
		};
		7FF1B5CC24895E9C00A3CC95 /* Debug */ = {
			isa = XCBuildConfiguration;
			buildSettings = {
				ASSETCATALOG_COMPILER_APPICON_NAME = AppIcon;
				CODE_SIGN_STYLE = Automatic;
				DEVELOPMENT_TEAM = MA5M2HHAAN;
				INFOPLIST_FILE = Mindful/Info.plist;
				LD_RUNPATH_SEARCH_PATHS = (
					"$(inherited)",
					"@executable_path/Frameworks",
				);
				PRODUCT_BUNDLE_IDENTIFIER = "william-shelley.Mindful";
				PRODUCT_NAME = "$(TARGET_NAME)";
				SWIFT_VERSION = 5.0;
				TARGETED_DEVICE_FAMILY = "1,2";
			};
			name = Debug;
		};
		7FF1B5CD24895E9C00A3CC95 /* Release */ = {
			isa = XCBuildConfiguration;
			buildSettings = {
				ASSETCATALOG_COMPILER_APPICON_NAME = AppIcon;
				CODE_SIGN_STYLE = Automatic;
				DEVELOPMENT_TEAM = MA5M2HHAAN;
				INFOPLIST_FILE = Mindful/Info.plist;
				LD_RUNPATH_SEARCH_PATHS = (
					"$(inherited)",
					"@executable_path/Frameworks",
				);
				PRODUCT_BUNDLE_IDENTIFIER = "william-shelley.Mindful";
				PRODUCT_NAME = "$(TARGET_NAME)";
				SWIFT_VERSION = 5.0;
				TARGETED_DEVICE_FAMILY = "1,2";
			};
			name = Release;
		};
/* End XCBuildConfiguration section */

/* Begin XCConfigurationList section */
		7FF1B5B224895E9A00A3CC95 /* Build configuration list for PBXProject "Mindful" */ = {
			isa = XCConfigurationList;
			buildConfigurations = (
				7FF1B5C924895E9C00A3CC95 /* Debug */,
				7FF1B5CA24895E9C00A3CC95 /* Release */,
			);
			defaultConfigurationIsVisible = 0;
			defaultConfigurationName = Release;
		};
		7FF1B5CB24895E9C00A3CC95 /* Build configuration list for PBXNativeTarget "Mindful" */ = {
			isa = XCConfigurationList;
			buildConfigurations = (
				7FF1B5CC24895E9C00A3CC95 /* Debug */,
				7FF1B5CD24895E9C00A3CC95 /* Release */,
			);
			defaultConfigurationIsVisible = 0;
			defaultConfigurationName = Release;
		};
/* End XCConfigurationList section */
	};
	rootObject = 7FF1B5AF24895E9A00A3CC95 /* Project object */;
}
